
Microsoft Visual Studio Solution File, Format Version 12.00
Project("{2150E333-8FDC-42A3-9474-1A3956D46DE8}") = "API", "API", "{97A463CD-7858-477A-B809-01F0E61BF36E}"
EndProject
Project("{2150E333-8FDC-42A3-9474-1A3956D46DE8}") = "Core", "Core", "{2A42F078-A8A6-410F-B624-20C2F809BC70}"
EndProject
Project("{2150E333-8FDC-42A3-9474-1A3956D46DE8}") = "Infrastructure", "Infrastructure", "{63E6601A-BA4F-44FE-BE00-D2031E45081D}"
EndProject
Project("{FAE04EC0-301F-11D3-BF4B-00C04F79EFBC}") = "Scilabs.Gateway.Infrastructure", "Scilabs.Gateway.Infrastructure\Scilabs.Gateway.Infrastructure.csproj", "{F3E84F77-1E9D-4429-AA7B-C92C63CF607F}"
EndProject
Project("{FAE04EC0-301F-11D3-BF4B-00C04F79EFBC}") = "Scilabs.Gateway.Persistence", "Scilabs.Gateway.Persistence\Scilabs.Gateway.Persistence.csproj", "{BD4E2253-C6D6-4546-B84E-8D3AE0EA7C2A}"
EndProject
Project("{FAE04EC0-301F-11D3-BF4B-00C04F79EFBC}") = "Scilabs.Gateway.Identity", "Scilabs.Gateway.Identity\Scilabs.Gateway.Identity.csproj", "{AFF55E9E-00A2-4461-8FAF-504A112B87D9}"
EndProject
Project("{FAE04EC0-301F-11D3-BF4B-00C04F79EFBC}") = "Scilabs.Gateway.Application", "Scilabs.Gateway.Application\Scilabs.Gateway.Application.csproj", "{96B3EA2E-BFFD-450C-9289-B18E5A3EE832}"
EndProject
Project("{FAE04EC0-301F-11D3-BF4B-00C04F79EFBC}") = "Scilabs.Gateway.Core", "Scilabs.Gateway.Core\Scilabs.Gateway.Core.csproj", "{849CDA9C-6EBA-4D52-814E-9163CB702C92}"
EndProject
Project("{2150E333-8FDC-42A3-9474-1A3956D46DE8}") = "src", "src", "{61B04806-382E-423F-95EC-ACFCA4B57BF7}"
EndProject
Project("{2150E333-8FDC-42A3-9474-1A3956D46DE8}") = "tests", "tests", "{6536E764-5EA0-4792-A4DB-0E850A7B9691}"
EndProject
Project("{FAE04EC0-301F-11D3-BF4B-00C04F79EFBC}") = "Scilabs.Gateway.Api", "Scilabs.Gateway.Api\Scilabs.Gateway.Api.csproj", "{2B77FF49-3E2D-488B-85AD-59059FA82E97}"
EndProject
Global
	GlobalSection(SolutionConfigurationPlatforms) = preSolution
		Debug|Any CPU = Debug|Any CPU
		Release|Any CPU = Release|Any CPU
	EndGlobalSection
	GlobalSection(NestedProjects) = preSolution
		{F3E84F77-1E9D-4429-AA7B-C92C63CF607F} = {63E6601A-BA4F-44FE-BE00-D2031E45081D}
		{BD4E2253-C6D6-4546-B84E-8D3AE0EA7C2A} = {63E6601A-BA4F-44FE-BE00-D2031E45081D}
		{AFF55E9E-00A2-4461-8FAF-504A112B87D9} = {63E6601A-BA4F-44FE-BE00-D2031E45081D}
		{96B3EA2E-BFFD-450C-9289-B18E5A3EE832} = {2A42F078-A8A6-410F-B624-20C2F809BC70}
		{849CDA9C-6EBA-4D52-814E-9163CB702C92} = {2A42F078-A8A6-410F-B624-20C2F809BC70}
		{63E6601A-BA4F-44FE-BE00-D2031E45081D} = {61B04806-382E-423F-95EC-ACFCA4B57BF7}
		{2A42F078-A8A6-410F-B624-20C2F809BC70} = {61B04806-382E-423F-95EC-ACFCA4B57BF7}
		{97A463CD-7858-477A-B809-01F0E61BF36E} = {61B04806-382E-423F-95EC-ACFCA4B57BF7}
		{2B77FF49-3E2D-488B-85AD-59059FA82E97} = {97A463CD-7858-477A-B809-01F0E61BF36E}
	EndGlobalSection
	GlobalSection(ProjectConfigurationPlatforms) = postSolution
		{F3E84F77-1E9D-4429-AA7B-C92C63CF607F}.Debug|Any CPU.ActiveCfg = Debug|Any CPU
		{F3E84F77-1E9D-4429-AA7B-C92C63CF607F}.Debug|Any CPU.Build.0 = Debug|Any CPU
		{F3E84F77-1E9D-4429-AA7B-C92C63CF607F}.Release|Any CPU.ActiveCfg = Release|Any CPU
		{F3E84F77-1E9D-4429-AA7B-C92C63CF607F}.Release|Any CPU.Build.0 = Release|Any CPU
		{BD4E2253-C6D6-4546-B84E-8D3AE0EA7C2A}.Debug|Any CPU.ActiveCfg = Debug|Any CPU
		{BD4E2253-C6D6-4546-B84E-8D3AE0EA7C2A}.Debug|Any CPU.Build.0 = Debug|Any CPU
		{BD4E2253-C6D6-4546-B84E-8D3AE0EA7C2A}.Release|Any CPU.ActiveCfg = Release|Any CPU
		{BD4E2253-C6D6-4546-B84E-8D3AE0EA7C2A}.Release|Any CPU.Build.0 = Release|Any CPU
		{AFF55E9E-00A2-4461-8FAF-504A112B87D9}.Debug|Any CPU.ActiveCfg = Debug|Any CPU
		{AFF55E9E-00A2-4461-8FAF-504A112B87D9}.Debug|Any CPU.Build.0 = Debug|Any CPU
		{AFF55E9E-00A2-4461-8FAF-504A112B87D9}.Release|Any CPU.ActiveCfg = Release|Any CPU
		{AFF55E9E-00A2-4461-8FAF-504A112B87D9}.Release|Any CPU.Build.0 = Release|Any CPU
		{96B3EA2E-BFFD-450C-9289-B18E5A3EE832}.Debug|Any CPU.ActiveCfg = Debug|Any CPU
		{96B3EA2E-BFFD-450C-9289-B18E5A3EE832}.Debug|Any CPU.Build.0 = Debug|Any CPU
		{96B3EA2E-BFFD-450C-9289-B18E5A3EE832}.Release|Any CPU.ActiveCfg = Release|Any CPU
		{96B3EA2E-BFFD-450C-9289-B18E5A3EE832}.Release|Any CPU.Build.0 = Release|Any CPU
		{849CDA9C-6EBA-4D52-814E-9163CB702C92}.Debug|Any CPU.ActiveCfg = Debug|Any CPU
		{849CDA9C-6EBA-4D52-814E-9163CB702C92}.Debug|Any CPU.Build.0 = Debug|Any CPU
		{849CDA9C-6EBA-4D52-814E-9163CB702C92}.Release|Any CPU.ActiveCfg = Release|Any CPU
		{849CDA9C-6EBA-4D52-814E-9163CB702C92}.Release|Any CPU.Build.0 = Release|Any CPU
		{2B77FF49-3E2D-488B-85AD-59059FA82E97}.Debug|Any CPU.ActiveCfg = Debug|Any CPU
		{2B77FF49-3E2D-488B-85AD-59059FA82E97}.Debug|Any CPU.Build.0 = Debug|Any CPU
		{2B77FF49-3E2D-488B-85AD-59059FA82E97}.Release|Any CPU.ActiveCfg = Release|Any CPU
		{2B77FF49-3E2D-488B-85AD-59059FA82E97}.Release|Any CPU.Build.0 = Release|Any CPU
	EndGlobalSection
EndGlobal
